
Microsoft Visual Studio Solution File, Format Version 12.00
# Visual Studio Version 17
VisualStudioVersion = 17.4.33213.308
MinimumVisualStudioVersion = 10.0.40219.1
Project("{FAE04EC0-301F-11D3-BF4B-00C04F79EFBC}") = "TodoWpf", "TodoWpf\TodoWpf.csproj", "{F4B3E3B6-22D5-4668-93DE-3EC6B1077BA7}"
EndProject
Project("{00D1A9C2-B5F0-4AF3-8072-F6C62B433612}") = "TodoDb", "TodoDb\TodoDb.sqlproj", "{765050E7-A686-4455-9288-896191E05513}"
EndProject
Project("{FAE04EC0-301F-11D3-BF4B-00C04F79EFBC}") = "Todo.Database", "Todo.Database\Todo.Database.csproj", "{9C3CC9EA-3E4D-4622-9C3A-6DBA07410E7E}"
EndProject
Global
	GlobalSection(SolutionConfigurationPlatforms) = preSolution
		Debug|Any CPU = Debug|Any CPU
		Release|Any CPU = Release|Any CPU
	EndGlobalSection
	GlobalSection(ProjectConfigurationPlatforms) = postSolution
		{F4B3E3B6-22D5-4668-93DE-3EC6B1077BA7}.Debug|Any CPU.ActiveCfg = Debug|Any CPU
		{F4B3E3B6-22D5-4668-93DE-3EC6B1077BA7}.Debug|Any CPU.Build.0 = Debug|Any CPU
		{F4B3E3B6-22D5-4668-93DE-3EC6B1077BA7}.Release|Any CPU.ActiveCfg = Release|Any CPU
		{F4B3E3B6-22D5-4668-93DE-3EC6B1077BA7}.Release|Any CPU.Build.0 = Release|Any CPU
		{765050E7-A686-4455-9288-896191E05513}.Debug|Any CPU.ActiveCfg = Debug|Any CPU
		{765050E7-A686-4455-9288-896191E05513}.Debug|Any CPU.Build.0 = Debug|Any CPU
		{765050E7-A686-4455-9288-896191E05513}.Debug|Any CPU.Deploy.0 = Debug|Any CPU
		{765050E7-A686-4455-9288-896191E05513}.Release|Any CPU.ActiveCfg = Release|Any CPU
		{765050E7-A686-4455-9288-896191E05513}.Release|Any CPU.Build.0 = Release|Any CPU
		{765050E7-A686-4455-9288-896191E05513}.Release|Any CPU.Deploy.0 = Release|Any CPU
		{9C3CC9EA-3E4D-4622-9C3A-6DBA07410E7E}.Debug|Any CPU.ActiveCfg = Debug|Any CPU
		{9C3CC9EA-3E4D-4622-9C3A-6DBA07410E7E}.Debug|Any CPU.Build.0 = Debug|Any CPU
		{9C3CC9EA-3E4D-4622-9C3A-6DBA07410E7E}.Release|Any CPU.ActiveCfg = Release|Any CPU
		{9C3CC9EA-3E4D-4622-9C3A-6DBA07410E7E}.Release|Any CPU.Build.0 = Release|Any CPU
	EndGlobalSection
	GlobalSection(SolutionProperties) = preSolution
		HideSolutionNode = FALSE
	EndGlobalSection
	GlobalSection(ExtensibilityGlobals) = postSolution
		SolutionGuid = {67F4B3FD-1646-4DE9-91E2-B9EAF6514139}
	EndGlobalSection
EndGlobal
